
Microsoft Visual Studio Solution File, Format Version 12.00
# Visual Studio Version 16
VisualStudioVersion = 16.0.29926.136
MinimumVisualStudioVersion = 10.0.40219.1
Project("{FAE04EC0-301F-11D3-BF4B-00C04F79EFBC}") = "WpfApp3", "WpfApp3\WpfApp3.csproj", "{D3CBA008-1A03-45C9-8A96-000C50A4B256}"
EndProject
Project("{FAE04EC0-301F-11D3-BF4B-00C04F79EFBC}") = "WpfControls", "WpfControls\WpfControls.csproj", "{F8A43EEE-5CB2-4752-8937-845DEAD81506}"
EndProject
Project("{FAE04EC0-301F-11D3-BF4B-00C04F79EFBC}") = "ConsoleApp1", "ConsoleApp1\ConsoleApp1.csproj", "{8267012E-A8E9-4394-B2DC-5A2B0BB76E8C}"
EndProject
Project("{FAE04EC0-301F-11D3-BF4B-00C04F79EFBC}") = "dump", "dump\dump.csproj", "{599F8718-A77E-44FC-8952-D482FA4290AD}"
EndProject
Project("{FAE04EC0-301F-11D3-BF4B-00C04F79EFBC}") = "WpfAppdump", "WpfAppdump\WpfAppdump.csproj", "{69D1226F-C465-4678-9D2D-9219982038BD}"
EndProject
Project("{FAE04EC0-301F-11D3-BF4B-00C04F79EFBC}") = "ConsoleApp2", "ConsoleApp2\ConsoleApp2.csproj", "{A0FCD261-DAE2-40E9-9679-39F161E378CD}"
EndProject
Project("{8BC9CEB8-8B4A-11D0-8D11-00A0C91BC942}") = "calibevent", "calibevent\calibevent.vcxproj", "{FBDCEBDA-D0A2-4E18-97A2-3859334558D1}"
EndProject
Project("{8BC9CEB8-8B4A-11D0-8D11-00A0C91BC942}") = "NetDebugClient", "NetDebugClient\NetDebugClient.vcxproj", "{450B8EE8-4344-4574-9957-1EE0CAA07C98}"
EndProject
Global
	GlobalSection(SolutionConfigurationPlatforms) = preSolution
		Debug|Any CPU = Debug|Any CPU
		Debug|x64 = Debug|x64
		Debug|x86 = Debug|x86
		Release|Any CPU = Release|Any CPU
		Release|x64 = Release|x64
		Release|x86 = Release|x86
	EndGlobalSection
	GlobalSection(ProjectConfigurationPlatforms) = postSolution
		{D3CBA008-1A03-45C9-8A96-000C50A4B256}.Debug|Any CPU.ActiveCfg = Debug|Any CPU
		{D3CBA008-1A03-45C9-8A96-000C50A4B256}.Debug|Any CPU.Build.0 = Debug|Any CPU
		{D3CBA008-1A03-45C9-8A96-000C50A4B256}.Debug|x64.ActiveCfg = Debug|Any CPU
		{D3CBA008-1A03-45C9-8A96-000C50A4B256}.Debug|x64.Build.0 = Debug|Any CPU
		{D3CBA008-1A03-45C9-8A96-000C50A4B256}.Debug|x86.ActiveCfg = Debug|Any CPU
		{D3CBA008-1A03-45C9-8A96-000C50A4B256}.Debug|x86.Build.0 = Debug|Any CPU
		{D3CBA008-1A03-45C9-8A96-000C50A4B256}.Release|Any CPU.ActiveCfg = Release|Any CPU
		{D3CBA008-1A03-45C9-8A96-000C50A4B256}.Release|Any CPU.Build.0 = Release|Any CPU
		{D3CBA008-1A03-45C9-8A96-000C50A4B256}.Release|x64.ActiveCfg = Release|Any CPU
		{D3CBA008-1A03-45C9-8A96-000C50A4B256}.Release|x64.Build.0 = Release|Any CPU
		{D3CBA008-1A03-45C9-8A96-000C50A4B256}.Release|x86.ActiveCfg = Release|Any CPU
		{D3CBA008-1A03-45C9-8A96-000C50A4B256}.Release|x86.Build.0 = Release|Any CPU
		{F8A43EEE-5CB2-4752-8937-845DEAD81506}.Debug|Any CPU.ActiveCfg = Debug|Any CPU
		{F8A43EEE-5CB2-4752-8937-845DEAD81506}.Debug|Any CPU.Build.0 = Debug|Any CPU
		{F8A43EEE-5CB2-4752-8937-845DEAD81506}.Debug|x64.ActiveCfg = Debug|Any CPU
		{F8A43EEE-5CB2-4752-8937-845DEAD81506}.Debug|x64.Build.0 = Debug|Any CPU
		{F8A43EEE-5CB2-4752-8937-845DEAD81506}.Debug|x86.ActiveCfg = Debug|Any CPU
		{F8A43EEE-5CB2-4752-8937-845DEAD81506}.Debug|x86.Build.0 = Debug|Any CPU
		{F8A43EEE-5CB2-4752-8937-845DEAD81506}.Release|Any CPU.ActiveCfg = Release|Any CPU
		{F8A43EEE-5CB2-4752-8937-845DEAD81506}.Release|Any CPU.Build.0 = Release|Any CPU
		{F8A43EEE-5CB2-4752-8937-845DEAD81506}.Release|x64.ActiveCfg = Release|Any CPU
		{F8A43EEE-5CB2-4752-8937-845DEAD81506}.Release|x64.Build.0 = Release|Any CPU
		{F8A43EEE-5CB2-4752-8937-845DEAD81506}.Release|x86.ActiveCfg = Release|Any CPU
		{F8A43EEE-5CB2-4752-8937-845DEAD81506}.Release|x86.Build.0 = Release|Any CPU
		{8267012E-A8E9-4394-B2DC-5A2B0BB76E8C}.Debug|Any CPU.ActiveCfg = Debug|Any CPU
		{8267012E-A8E9-4394-B2DC-5A2B0BB76E8C}.Debug|Any CPU.Build.0 = Debug|Any CPU
		{8267012E-A8E9-4394-B2DC-5A2B0BB76E8C}.Debug|x64.ActiveCfg = Debug|Any CPU
		{8267012E-A8E9-4394-B2DC-5A2B0BB76E8C}.Debug|x64.Build.0 = Debug|Any CPU
		{8267012E-A8E9-4394-B2DC-5A2B0BB76E8C}.Debug|x86.ActiveCfg = Debug|Any CPU
		{8267012E-A8E9-4394-B2DC-5A2B0BB76E8C}.Debug|x86.Build.0 = Debug|Any CPU
		{8267012E-A8E9-4394-B2DC-5A2B0BB76E8C}.Release|Any CPU.ActiveCfg = Release|Any CPU
		{8267012E-A8E9-4394-B2DC-5A2B0BB76E8C}.Release|Any CPU.Build.0 = Release|Any CPU
		{8267012E-A8E9-4394-B2DC-5A2B0BB76E8C}.Release|x64.ActiveCfg = Release|Any CPU
		{8267012E-A8E9-4394-B2DC-5A2B0BB76E8C}.Release|x64.Build.0 = Release|Any CPU
		{8267012E-A8E9-4394-B2DC-5A2B0BB76E8C}.Release|x86.ActiveCfg = Release|Any CPU
		{8267012E-A8E9-4394-B2DC-5A2B0BB76E8C}.Release|x86.Build.0 = Release|Any CPU
		{599F8718-A77E-44FC-8952-D482FA4290AD}.Debug|Any CPU.ActiveCfg = Debug|Any CPU
		{599F8718-A77E-44FC-8952-D482FA4290AD}.Debug|Any CPU.Build.0 = Debug|Any CPU
		{599F8718-A77E-44FC-8952-D482FA4290AD}.Debug|x64.ActiveCfg = Debug|Any CPU
		{599F8718-A77E-44FC-8952-D482FA4290AD}.Debug|x64.Build.0 = Debug|Any CPU
		{599F8718-A77E-44FC-8952-D482FA4290AD}.Debug|x86.ActiveCfg = Debug|Any CPU
		{599F8718-A77E-44FC-8952-D482FA4290AD}.Debug|x86.Build.0 = Debug|Any CPU
		{599F8718-A77E-44FC-8952-D482FA4290AD}.Release|Any CPU.ActiveCfg = Release|Any CPU
		{599F8718-A77E-44FC-8952-D482FA4290AD}.Release|Any CPU.Build.0 = Release|Any CPU
		{599F8718-A77E-44FC-8952-D482FA4290AD}.Release|x64.ActiveCfg = Release|Any CPU
		{599F8718-A77E-44FC-8952-D482FA4290AD}.Release|x64.Build.0 = Release|Any CPU
		{599F8718-A77E-44FC-8952-D482FA4290AD}.Release|x86.ActiveCfg = Release|Any CPU
		{599F8718-A77E-44FC-8952-D482FA4290AD}.Release|x86.Build.0 = Release|Any CPU
		{69D1226F-C465-4678-9D2D-9219982038BD}.Debug|Any CPU.ActiveCfg = Debug|Any CPU
		{69D1226F-C465-4678-9D2D-9219982038BD}.Debug|Any CPU.Build.0 = Debug|Any CPU
		{69D1226F-C465-4678-9D2D-9219982038BD}.Debug|x64.ActiveCfg = Debug|Any CPU
		{69D1226F-C465-4678-9D2D-9219982038BD}.Debug|x64.Build.0 = Debug|Any CPU
		{69D1226F-C465-4678-9D2D-9219982038BD}.Debug|x86.ActiveCfg = Debug|Any CPU
		{69D1226F-C465-4678-9D2D-9219982038BD}.Debug|x86.Build.0 = Debug|Any CPU
		{69D1226F-C465-4678-9D2D-9219982038BD}.Release|Any CPU.ActiveCfg = Release|Any CPU
		{69D1226F-C465-4678-9D2D-9219982038BD}.Release|Any CPU.Build.0 = Release|Any CPU
		{69D1226F-C465-4678-9D2D-9219982038BD}.Release|x64.ActiveCfg = Release|Any CPU
		{69D1226F-C465-4678-9D2D-9219982038BD}.Release|x64.Build.0 = Release|Any CPU
		{69D1226F-C465-4678-9D2D-9219982038BD}.Release|x86.ActiveCfg = Release|Any CPU
		{69D1226F-C465-4678-9D2D-9219982038BD}.Release|x86.Build.0 = Release|Any CPU
		{A0FCD261-DAE2-40E9-9679-39F161E378CD}.Debug|Any CPU.ActiveCfg = Debug|Any CPU
		{A0FCD261-DAE2-40E9-9679-39F161E378CD}.Debug|Any CPU.Build.0 = Debug|Any CPU
		{A0FCD261-DAE2-40E9-9679-39F161E378CD}.Debug|x64.ActiveCfg = Debug|Any CPU
		{A0FCD261-DAE2-40E9-9679-39F161E378CD}.Debug|x64.Build.0 = Debug|Any CPU
		{A0FCD261-DAE2-40E9-9679-39F161E378CD}.Debug|x86.ActiveCfg = Debug|Any CPU
		{A0FCD261-DAE2-40E9-9679-39F161E378CD}.Debug|x86.Build.0 = Debug|Any CPU
		{A0FCD261-DAE2-40E9-9679-39F161E378CD}.Release|Any CPU.ActiveCfg = Release|Any CPU
		{A0FCD261-DAE2-40E9-9679-39F161E378CD}.Release|Any CPU.Build.0 = Release|Any CPU
		{A0FCD261-DAE2-40E9-9679-39F161E378CD}.Release|x64.ActiveCfg = Release|Any CPU
		{A0FCD261-DAE2-40E9-9679-39F161E378CD}.Release|x64.Build.0 = Release|Any CPU
		{A0FCD261-DAE2-40E9-9679-39F161E378CD}.Release|x86.ActiveCfg = Release|Any CPU
		{A0FCD261-DAE2-40E9-9679-39F161E378CD}.Release|x86.Build.0 = Release|Any CPU
		{FBDCEBDA-D0A2-4E18-97A2-3859334558D1}.Debug|Any CPU.ActiveCfg = Debug|Win32
		{FBDCEBDA-D0A2-4E18-97A2-3859334558D1}.Debug|x64.ActiveCfg = Debug|x64
		{FBDCEBDA-D0A2-4E18-97A2-3859334558D1}.Debug|x64.Build.0 = Debug|x64
		{FBDCEBDA-D0A2-4E18-97A2-3859334558D1}.Debug|x86.ActiveCfg = Debug|Win32
		{FBDCEBDA-D0A2-4E18-97A2-3859334558D1}.Debug|x86.Build.0 = Debug|Win32
		{FBDCEBDA-D0A2-4E18-97A2-3859334558D1}.Release|Any CPU.ActiveCfg = Release|Win32
		{FBDCEBDA-D0A2-4E18-97A2-3859334558D1}.Release|x64.ActiveCfg = Release|x64
		{FBDCEBDA-D0A2-4E18-97A2-3859334558D1}.Release|x64.Build.0 = Release|x64
		{FBDCEBDA-D0A2-4E18-97A2-3859334558D1}.Release|x86.ActiveCfg = Release|Win32
		{FBDCEBDA-D0A2-4E18-97A2-3859334558D1}.Release|x86.Build.0 = Release|Win32
		{450B8EE8-4344-4574-9957-1EE0CAA07C98}.Debug|Any CPU.ActiveCfg = Debug|Win32
		{450B8EE8-4344-4574-9957-1EE0CAA07C98}.Debug|x64.ActiveCfg = Debug|x64
		{450B8EE8-4344-4574-9957-1EE0CAA07C98}.Debug|x64.Build.0 = Debug|x64
		{450B8EE8-4344-4574-9957-1EE0CAA07C98}.Debug|x86.ActiveCfg = Debug|Win32
		{450B8EE8-4344-4574-9957-1EE0CAA07C98}.Debug|x86.Build.0 = Debug|Win32
		{450B8EE8-4344-4574-9957-1EE0CAA07C98}.Release|Any CPU.ActiveCfg = Release|Win32
		{450B8EE8-4344-4574-9957-1EE0CAA07C98}.Release|x64.ActiveCfg = Release|x64
		{450B8EE8-4344-4574-9957-1EE0CAA07C98}.Release|x64.Build.0 = Release|x64
		{450B8EE8-4344-4574-9957-1EE0CAA07C98}.Release|x86.ActiveCfg = Release|Win32
		{450B8EE8-4344-4574-9957-1EE0CAA07C98}.Release|x86.Build.0 = Release|Win32
	EndGlobalSection
	GlobalSection(SolutionProperties) = preSolution
		HideSolutionNode = FALSE
	EndGlobalSection
	GlobalSection(ExtensibilityGlobals) = postSolution
		SolutionGuid = {90F3DAA2-5B64-43E3-BE19-3DE846F24875}
	EndGlobalSection
EndGlobal
